<?xml version="1.0" encoding="utf-8"?>
<Project ToolsVersion="4.0" xmlns="http://schemas.microsoft.com/developer/msbuild/2003">
  <ItemGroup>
    <Filter Include="Source Files">
      <UniqueIdentifier>{4FC737F1-C7A5-4376-A066-2A32D752A2FF}</UniqueIdentifier>
      <Extensions>cpp;c;cc;cxx;def;odl;idl;hpj;bat;asm;asmx</Extensions>
    </Filter>
    <Filter Include="Header Files">
      <UniqueIdentifier>{93995380-89BD-4b04-88EB-625FBE52EBFB}</UniqueIdentifier>
      <Extensions>h;hh;hpp;hxx;hm;inl;inc;xsd</Extensions>
    </Filter>
    <Filter Include="Resource Files">
      <UniqueIdentifier>{67DA6AB6-F800-4c08-8B7A-83BB121AAD01}</UniqueIdentifier>
      <Extensions>rc;ico;cur;bmp;dlg;rc2;rct;bin;rgs;gif;jpg;jpeg;jpe;resx;tiff;tif;png;wav;mfcribbon-ms</Extensions>
    </Filter>
  </ItemGroup>
  <ItemGroup>
    <ClInclude Include="MainGame.h">
      <Filter>Header Files</Filter>
    </ClInclude>
    <ClInclude Include="Blondie\Camera\Camera2D.h">
      <Filter>Header Files</Filter>
    </ClInclude>
    <ClInclude Include="Blondie\InputManager\Inputmanager.h">
      <Filter>Header Files</Filter>
    </ClInclude>
    <ClInclude Include="Blondie\Shader\shader.h">
      <Filter>Header Files</Filter>
    </ClInclude>
    <ClInclude Include="Blondie\Sprie2D\Sprite2D.h">
      <Filter>Header Files</Filter>
    </ClInclude>
    <ClInclude Include="Blondie\SpriteBatch\SpriteBatch.h">
      <Filter>Header Files</Filter>
    </ClInclude>
    <ClInclude Include="Blondie\Textures\GLtexture.h">
      <Filter>Header Files</Filter>
    </ClInclude>
    <ClInclude Include="Blondie\Textures\PecoPng.h">
      <Filter>Header Files</Filter>
    </ClInclude>
    <ClInclude Include="Blondie\Textures\TextureLoader.h">
      <Filter>Header Files</Filter>
    </ClInclude>
    <ClInclude Include="Blondie\Timers\Timing.h">
      <Filter>Header Files</Filter>
    </ClInclude>
    <ClInclude Include="Blondie\Utils\IOmanager.h">
      <Filter>Header Files</Filter>
    </ClInclude>
    <ClInclude Include="Blondie\Utils\Printerror.h">
      <Filter>Header Files</Filter>
    </ClInclude>
    <ClInclude Include="Blondie\Utils\ReSourceManager.h">
      <Filter>Header Files</Filter>
    </ClInclude>
    <ClInclude Include="Blondie\Utils\TextureCache.h">
      <Filter>Header Files</Filter>
    </ClInclude>
    <ClInclude Include="Blondie\Utils\VertexStruct.h">
      <Filter>Header Files</Filter>
    </ClInclude>
    <ClInclude Include="Blondie\Window\GameWindow.h">
      <Filter>Header Files</Filter>
    </ClInclude>
    <ClInclude Include="Agents\Agents.h">
      <Filter>Header Files</Filter>
    </ClInclude>
    <ClInclude Include="Agents\Zombie.h">
      <Filter>Header Files</Filter>
    </ClInclude>
    <ClInclude Include="Agents\Human.h">
      <Filter>Header Files</Filter>
    </ClInclude>
    <ClInclude Include="Agents\Player.h">
      <Filter>Header Files</Filter>
    </ClInclude>
    <ClInclude Include="Levels\Levels.h">
      <Filter>Header Files</Filter>
    </ClInclude>
    <ClInclude Include="Blondie\Window\Blondie.h">
      <Filter>Header Files</Filter>
    </ClInclude>
  </ItemGroup>
  <ItemGroup>
    <ClCompile Include="MainGame.cpp">
      <Filter>Source Files</Filter>
    </ClCompile>
    <ClCompile Include="main.cpp">
      <Filter>Source Files</Filter>
    </ClCompile>
    <ClCompile Include="Blondie\Camera\Camera.cpp">
      <Filter>Source Files</Filter>
    </ClCompile>
    <ClCompile Include="Blondie\InputManager\Inputmamager.cpp">
      <Filter>Source Files</Filter>
    </ClCompile>
    <ClCompile Include="Blondie\Shader\shader.cpp">
      <Filter>Source Files</Filter>
    </ClCompile>
    <ClCompile Include="Blondie\Sprie2D\Sprite2D.cpp">
      <Filter>Source Files</Filter>
    </ClCompile>
    <ClCompile Include="Blondie\SpriteBatch\SpriteBatch.cpp">
      <Filter>Source Files</Filter>
    </ClCompile>
    <ClCompile Include="Blondie\Textures\PecoPng.cpp">
      <Filter>Source Files</Filter>
    </ClCompile>
    <ClCompile Include="Blondie\Textures\TextureLoader.cpp">
      <Filter>Source Files</Filter>
    </ClCompile>
    <ClCompile Include="Blondie\Timers\Timing.cpp">
      <Filter>Source Files</Filter>
    </ClCompile>
    <ClCompile Include="Blondie\Utils\IOmanager.cpp">
      <Filter>Source Files</Filter>
    </ClCompile>
    <ClCompile Include="Blondie\Utils\ResourceManager.cpp">
      <Filter>Source Files</Filter>
    </ClCompile>
    <ClCompile Include="Blondie\Utils\TextureCache.cpp">
      <Filter>Source Files</Filter>
    </ClCompile>
    <ClCompile Include="Blondie\Window\GameWindow.cpp">
      <Filter>Source Files</Filter>
    </ClCompile>
    <ClCompile Include="Agents\Agents.cpp">
      <Filter>Source Files</Filter>
    </ClCompile>
    <ClCompile Include="Agents\Zombie.cpp">
      <Filter>Source Files</Filter>
    </ClCompile>
    <ClCompile Include="Agents\Human.cpp">
      <Filter>Source Files</Filter>
    </ClCompile>
    <ClCompile Include="Agents\Player.cpp">
      <Filter>Source Files</Filter>
    </ClCompile>
    <ClCompile Include="Levels\Levels.cpp">
      <Filter>Source Files</Filter>
    </ClCompile>
    <ClCompile Include="Blondie\Window\Blondie.cpp">
      <Filter>Source Files</Filter>
    </ClCompile>
  </ItemGroup>
  <ItemGroup>
    <Text Include="Levels\level1.txt" />
    <Text Include="Textures\credits.txt" />
  </ItemGroup>
  <ItemGroup>
    <None Include="Shaders\textureShading.frag" />
    <None Include="Shaders\textureShading.vert" />
  </ItemGroup>
  <ItemGroup>
    <Image Include="Textures\circle.png">
      <Filter>Resource Files</Filter>
    </Image>
    <Image Include="Textures\glass.png">
      <Filter>Resource Files</Filter>
    </Image>
    <Image Include="Textures\light_bricks.png">
      <Filter>Resource Files</Filter>
    </Image>
    <Image Include="Textures\red_bricks.png">
      <Filter>Resource Files</Filter>
    </Image>
  </ItemGroup>
</Project>